
Microsoft Visual Studio Solution File, Format Version 12.00
# Visual Studio Version 16
VisualStudioVersion = 16.0.28407.52
MinimumVisualStudioVersion = 10.0.40219.1
Project("{FAE04EC0-301F-11D3-BF4B-00C04F79EFBC}") = "ECMigration", "ECMigration\ECMigration.csproj", "{D5E3C590-2A11-42B5-8B14-DDFB1D473845}"
EndProject
Global
	GlobalSection(SolutionConfigurationPlatforms) = preSolution
		Debug|Any CPU = Debug|Any CPU
		Release|Any CPU = Release|Any CPU
	EndGlobalSection
	GlobalSection(ProjectConfigurationPlatforms) = postSolution
		{D5E3C590-2A11-42B5-8B14-DDFB1D473845}.Debug|Any CPU.ActiveCfg = Debug|Any CPU
		{D5E3C590-2A11-42B5-8B14-DDFB1D473845}.Debug|Any CPU.Build.0 = Debug|Any CPU
		{D5E3C590-2A11-42B5-8B14-DDFB1D473845}.Release|Any CPU.ActiveCfg = Release|Any CPU
		{D5E3C590-2A11-42B5-8B14-DDFB1D473845}.Release|Any CPU.Build.0 = Release|Any CPU
	EndGlobalSection
	GlobalSection(SolutionProperties) = preSolution
		HideSolutionNode = FALSE
	EndGlobalSection
	GlobalSection(ExtensibilityGlobals) = postSolution
		SolutionGuid = {2DF6AEA1-E42A-43B1-AFB8-B519C8F57C69}
	EndGlobalSection
EndGlobal
